// !$*UTF8*$!
{
	archiveVersion = 1;
	classes = {
	};
	objectVersion = 46;
	objects = {

/* Begin PBXBuildFile section */
		219D6B3D1732368F008C11A8 /* Music147.aif in Resources */ = {isa = PBXBuildFile; fileRef = 219D6B371732368F008C11A8 /* Music147.aif */; };
		219D6B40173236B5008C11A8 /* AudioToolbox.framework in Frameworks */ = {isa = PBXBuildFile; fileRef = 219D6B3F173236B5008C11A8 /* AudioToolbox.framework */; };
		21A4B83F172C280700E1FACA /* UIKit.framework in Frameworks */ = {isa = PBXBuildFile; fileRef = 21A4B83E172C280700E1FACA /* UIKit.framework */; };
		21A4B841172C280700E1FACA /* Foundation.framework in Frameworks */ = {isa = PBXBuildFile; fileRef = 21A4B840172C280700E1FACA /* Foundation.framework */; };
		21A4B843172C280700E1FACA /* CoreGraphics.framework in Frameworks */ = {isa = PBXBuildFile; fileRef = 21A4B842172C280700E1FACA /* CoreGraphics.framework */; };
		21A4B849172C280700E1FACA /* InfoPlist.strings in Resources */ = {isa = PBXBuildFile; fileRef = 21A4B847172C280700E1FACA /* InfoPlist.strings */; };
		21A4B851172C280700E1FACA /* Default.png in Resources */ = {isa = PBXBuildFile; fileRef = 21A4B850172C280700E1FACA /* Default.png */; };
		21A4B853172C280700E1FACA /* Default@2x.png in Resources */ = {isa = PBXBuildFile; fileRef = 21A4B852172C280700E1FACA /* Default@2x.png */; };
		21A4B855172C280700E1FACA /* Default-568h@2x.png in Resources */ = {isa = PBXBuildFile; fileRef = 21A4B854172C280700E1FACA /* Default-568h@2x.png */; };
		2C254325176A50940076BB43 /* MUS147AQPlayer.m in Sources */ = {isa = PBXBuildFile; fileRef = 2C2542F0176A50920076BB43 /* MUS147AQPlayer.m */; };
		2C254327176A50940076BB43 /* MUS147ViewController.xib in Resources */ = {isa = PBXBuildFile; fileRef = 2C2542F4176A50920076BB43 /* MUS147ViewController.xib */; };
		2C254328176A50940076BB43 /* MUS147ViewControllerSub.m in Sources */ = {isa = PBXBuildFile; fileRef = 2C2542F6176A50920076BB43 /* MUS147ViewControllerSub.m */; };
		2C254329176A50940076BB43 /* MUS147ViewControllerSub.xib in Resources */ = {isa = PBXBuildFile; fileRef = 2C2542F7176A50920076BB43 /* MUS147ViewControllerSub.xib */; };
		2C25432C176A50940076BB43 /* MUS147AppDelegate.m in Sources */ = {isa = PBXBuildFile; fileRef = 2C2542FC176A50920076BB43 /* MUS147AppDelegate.m */; };
		2C25432D176A50940076BB43 /* MUS147AQRecorder.m in Sources */ = {isa = PBXBuildFile; fileRef = 2C2542FE176A50920076BB43 /* MUS147AQRecorder.m */; };
		2C25432E176A50940076BB43 /* MUS147Effect_BiQuad.m in Sources */ = {isa = PBXBuildFile; fileRef = 2C254301176A50930076BB43 /* MUS147Effect_BiQuad.m */; };
		2C25432F176A50940076BB43 /* MUS147Effect_Delay.m in Sources */ = {isa = PBXBuildFile; fileRef = 2C254303176A50930076BB43 /* MUS147Effect_Delay.m */; };
		2C254330176A50940076BB43 /* MUS147Effect_Limiter.m in Sources */ = {isa = PBXBuildFile; fileRef = 2C254305176A50930076BB43 /* MUS147Effect_Limiter.m */; };
		2C254331176A50940076BB43 /* MUS147Effect.m in Sources */ = {isa = PBXBuildFile; fileRef = 2C254307176A50930076BB43 /* MUS147Effect.m */; };
		2C254332176A50940076BB43 /* MUS147Envelope.m in Sources */ = {isa = PBXBuildFile; fileRef = 2C254309176A50930076BB43 /* MUS147Envelope.m */; };
		2C254333176A50940076BB43 /* MUS147Event_Note.m in Sources */ = {isa = PBXBuildFile; fileRef = 2C25430B176A50930076BB43 /* MUS147Event_Note.m */; };
		2C254334176A50940076BB43 /* MUS147Event_Touch.m in Sources */ = {isa = PBXBuildFile; fileRef = 2C25430D176A50930076BB43 /* MUS147Event_Touch.m */; };
		2C254335176A50940076BB43 /* MUS147Event.m in Sources */ = {isa = PBXBuildFile; fileRef = 2C25430F176A50930076BB43 /* MUS147Event.m */; };
		2C254336176A50940076BB43 /* MUS147Sequence.m in Sources */ = {isa = PBXBuildFile; fileRef = 2C254311176A50930076BB43 /* MUS147Sequence.m */; };
		2C254337176A50940076BB43 /* MUS147Sequencer.m in Sources */ = {isa = PBXBuildFile; fileRef = 2C254313176A50930076BB43 /* MUS147Sequencer.m */; };
		2C254338176A50940076BB43 /* MUS147ViewController.m in Sources */ = {isa = PBXBuildFile; fileRef = 2C254314176A50930076BB43 /* MUS147ViewController.m */; };
		2C254339176A50940076BB43 /* MUS147Voice_BLIT.m in Sources */ = {isa = PBXBuildFile; fileRef = 2C254316176A50940076BB43 /* MUS147Voice_BLIT.m */; };
		2C25433A176A50940076BB43 /* MUS147Voice_BLITSaw.m in Sources */ = {isa = PBXBuildFile; fileRef = 2C254318176A50940076BB43 /* MUS147Voice_BLITSaw.m */; };
		2C25433B176A50940076BB43 /* MUS147Voice_Sample_Mem.m in Sources */ = {isa = PBXBuildFile; fileRef = 2C25431A176A50940076BB43 /* MUS147Voice_Sample_Mem.m */; };
		2C25433C176A50940076BB43 /* MUS147Voice_Sample_SF.m in Sources */ = {isa = PBXBuildFile; fileRef = 2C25431C176A50940076BB43 /* MUS147Voice_Sample_SF.m */; };
		2C25433D176A50940076BB43 /* MUS147Voice_Sample.m in Sources */ = {isa = PBXBuildFile; fileRef = 2C25431E176A50940076BB43 /* MUS147Voice_Sample.m */; };
		2C25433E176A50940076BB43 /* MUS147Voice_Synth.m in Sources */ = {isa = PBXBuildFile; fileRef = 2C254320176A50940076BB43 /* MUS147Voice_Synth.m */; };
		2C25433F176A50940076BB43 /* MUS147Voice.m in Sources */ = {isa = PBXBuildFile; fileRef = 2C254322176A50940076BB43 /* MUS147Voice.m */; };
		2C254340176A50940076BB43 /* MyScale.c in Sources */ = {isa = PBXBuildFile; fileRef = 2C254323176A50940076BB43 /* MyScale.c */; };
		2CBBE63217692FA7000AB81F /* CoreLocation.framework in Frameworks */ = {isa = PBXBuildFile; fileRef = 2CBBE63117692FA7000AB81F /* CoreLocation.framework */; };
		2CBBE64417693056000AB81F /* Music147_2013-Info.plist in Resources */ = {isa = PBXBuildFile; fileRef = 2CBBE63C17693056000AB81F /* Music147_2013-Info.plist */; };
		2CCE36A01769364F00063C88 /* main.m in Sources */ = {isa = PBXBuildFile; fileRef = 2CCE369F1769364F00063C88 /* main.m */; };
		437BDB7E176A71F300E1F25C /* MUS147View.m in Sources */ = {isa = PBXBuildFile; fileRef = 437BDB7D176A71F300E1F25C /* MUS147View.m */; };
/* End PBXBuildFile section */

/* Begin PBXFileReference section */
		219D6B371732368F008C11A8 /* Music147.aif */ = {isa = PBXFileReference; lastKnownFileType = file; path = Music147.aif; sourceTree = "<group>"; };
		219D6B3F173236B5008C11A8 /* AudioToolbox.framework */ = {isa = PBXFileReference; lastKnownFileType = wrapper.framework; name = AudioToolbox.framework; path = System/Library/Frameworks/AudioToolbox.framework; sourceTree = SDKROOT; };
		21A4B83A172C280700E1FACA /* ucimusic147-2.app */ = {isa = PBXFileReference; explicitFileType = wrapper.application; includeInIndex = 0; path = "ucimusic147-2.app"; sourceTree = BUILT_PRODUCTS_DIR; };
		21A4B83E172C280700E1FACA /* UIKit.framework */ = {isa = PBXFileReference; lastKnownFileType = wrapper.framework; name = UIKit.framework; path = System/Library/Frameworks/UIKit.framework; sourceTree = SDKROOT; };
		21A4B840172C280700E1FACA /* Foundation.framework */ = {isa = PBXFileReference; lastKnownFileType = wrapper.framework; name = Foundation.framework; path = System/Library/Frameworks/Foundation.framework; sourceTree = SDKROOT; };
		21A4B842172C280700E1FACA /* CoreGraphics.framework */ = {isa = PBXFileReference; lastKnownFileType = wrapper.framework; name = CoreGraphics.framework; path = System/Library/Frameworks/CoreGraphics.framework; sourceTree = SDKROOT; };
		21A4B846172C280700E1FACA /* ucimusic147-2-Info.plist */ = {isa = PBXFileReference; lastKnownFileType = text.plist.xml; path = "ucimusic147-2-Info.plist"; sourceTree = "<group>"; };
		21A4B848172C280700E1FACA /* en */ = {isa = PBXFileReference; lastKnownFileType = text.plist.strings; name = en; path = en.lproj/InfoPlist.strings; sourceTree = "<group>"; };
		21A4B84C172C280700E1FACA /* ucimusic147-2-Prefix.pch */ = {isa = PBXFileReference; lastKnownFileType = sourcecode.c.h; path = "ucimusic147-2-Prefix.pch"; sourceTree = "<group>"; };
		21A4B850172C280700E1FACA /* Default.png */ = {isa = PBXFileReference; lastKnownFileType = image.png; path = Default.png; sourceTree = "<group>"; };
		21A4B852172C280700E1FACA /* Default@2x.png */ = {isa = PBXFileReference; lastKnownFileType = image.png; path = "Default@2x.png"; sourceTree = "<group>"; };
		21A4B854172C280700E1FACA /* Default-568h@2x.png */ = {isa = PBXFileReference; lastKnownFileType = image.png; path = "Default-568h@2x.png"; sourceTree = "<group>"; };
		2C2542EF176A50920076BB43 /* MUS147AQPlayer.h */ = {isa = PBXFileReference; fileEncoding = 4; lastKnownFileType = sourcecode.c.h; path = MUS147AQPlayer.h; sourceTree = "<group>"; };
		2C2542F0176A50920076BB43 /* MUS147AQPlayer.m */ = {isa = PBXFileReference; fileEncoding = 4; lastKnownFileType = sourcecode.c.objc; path = MUS147AQPlayer.m; sourceTree = "<group>"; };
		2C2542F1176A50920076BB43 /* MUS147View.h */ = {isa = PBXFileReference; fileEncoding = 4; lastKnownFileType = sourcecode.c.h; path = MUS147View.h; sourceTree = "<group>"; };
		2C2542F3176A50920076BB43 /* MUS147ViewController.h */ = {isa = PBXFileReference; fileEncoding = 4; lastKnownFileType = sourcecode.c.h; path = MUS147ViewController.h; sourceTree = "<group>"; };
		2C2542F4176A50920076BB43 /* MUS147ViewController.xib */ = {isa = PBXFileReference; fileEncoding = 4; lastKnownFileType = file.xib; path = MUS147ViewController.xib; sourceTree = "<group>"; };
		2C2542F5176A50920076BB43 /* MUS147ViewControllerSub.h */ = {isa = PBXFileReference; fileEncoding = 4; lastKnownFileType = sourcecode.c.h; path = MUS147ViewControllerSub.h; sourceTree = "<group>"; };
		2C2542F6176A50920076BB43 /* MUS147ViewControllerSub.m */ = {isa = PBXFileReference; fileEncoding = 4; lastKnownFileType = sourcecode.c.objc; path = MUS147ViewControllerSub.m; sourceTree = "<group>"; };
		2C2542F7176A50920076BB43 /* MUS147ViewControllerSub.xib */ = {isa = PBXFileReference; fileEncoding = 4; lastKnownFileType = file.xib; path = MUS147ViewControllerSub.xib; sourceTree = "<group>"; };
		2C2542FB176A50920076BB43 /* MUS147AppDelegate.h */ = {isa = PBXFileReference; fileEncoding = 4; lastKnownFileType = sourcecode.c.h; path = MUS147AppDelegate.h; sourceTree = "<group>"; };
		2C2542FC176A50920076BB43 /* MUS147AppDelegate.m */ = {isa = PBXFileReference; fileEncoding = 4; lastKnownFileType = sourcecode.c.objc; path = MUS147AppDelegate.m; sourceTree = "<group>"; };
		2C2542FD176A50920076BB43 /* MUS147AQRecorder.h */ = {isa = PBXFileReference; fileEncoding = 4; lastKnownFileType = sourcecode.c.h; path = MUS147AQRecorder.h; sourceTree = "<group>"; };
		2C2542FE176A50920076BB43 /* MUS147AQRecorder.m */ = {isa = PBXFileReference; fileEncoding = 4; lastKnownFileType = sourcecode.c.objc; path = MUS147AQRecorder.m; sourceTree = "<group>"; };
		2C2542FF176A50930076BB43 /* MUS147AQShared.h */ = {isa = PBXFileReference; fileEncoding = 4; lastKnownFileType = sourcecode.c.h; path = MUS147AQShared.h; sourceTree = "<group>"; };
		2C254300176A50930076BB43 /* MUS147Effect_BiQuad.h */ = {isa = PBXFileReference; fileEncoding = 4; lastKnownFileType = sourcecode.c.h; path = MUS147Effect_BiQuad.h; sourceTree = "<group>"; };
		2C254301176A50930076BB43 /* MUS147Effect_BiQuad.m */ = {isa = PBXFileReference; fileEncoding = 4; lastKnownFileType = sourcecode.c.objc; path = MUS147Effect_BiQuad.m; sourceTree = "<group>"; };
		2C254302176A50930076BB43 /* MUS147Effect_Delay.h */ = {isa = PBXFileReference; fileEncoding = 4; lastKnownFileType = sourcecode.c.h; path = MUS147Effect_Delay.h; sourceTree = "<group>"; };
		2C254303176A50930076BB43 /* MUS147Effect_Delay.m */ = {isa = PBXFileReference; fileEncoding = 4; lastKnownFileType = sourcecode.c.objc; path = MUS147Effect_Delay.m; sourceTree = "<group>"; };
		2C254304176A50930076BB43 /* MUS147Effect_Limiter.h */ = {isa = PBXFileReference; fileEncoding = 4; lastKnownFileType = sourcecode.c.h; path = MUS147Effect_Limiter.h; sourceTree = "<group>"; };
		2C254305176A50930076BB43 /* MUS147Effect_Limiter.m */ = {isa = PBXFileReference; fileEncoding = 4; lastKnownFileType = sourcecode.c.objc; path = MUS147Effect_Limiter.m; sourceTree = "<group>"; };
		2C254306176A50930076BB43 /* MUS147Effect.h */ = {isa = PBXFileReference; fileEncoding = 4; lastKnownFileType = sourcecode.c.h; path = MUS147Effect.h; sourceTree = "<group>"; };
		2C254307176A50930076BB43 /* MUS147Effect.m */ = {isa = PBXFileReference; fileEncoding = 4; lastKnownFileType = sourcecode.c.objc; path = MUS147Effect.m; sourceTree = "<group>"; };
		2C254308176A50930076BB43 /* MUS147Envelope.h */ = {isa = PBXFileReference; fileEncoding = 4; lastKnownFileType = sourcecode.c.h; path = MUS147Envelope.h; sourceTree = "<group>"; };
		2C254309176A50930076BB43 /* MUS147Envelope.m */ = {isa = PBXFileReference; fileEncoding = 4; lastKnownFileType = sourcecode.c.objc; path = MUS147Envelope.m; sourceTree = "<group>"; };
		2C25430A176A50930076BB43 /* MUS147Event_Note.h */ = {isa = PBXFileReference; fileEncoding = 4; lastKnownFileType = sourcecode.c.h; path = MUS147Event_Note.h; sourceTree = "<group>"; };
		2C25430B176A50930076BB43 /* MUS147Event_Note.m */ = {isa = PBXFileReference; fileEncoding = 4; lastKnownFileType = sourcecode.c.objc; path = MUS147Event_Note.m; sourceTree = "<group>"; };
		2C25430C176A50930076BB43 /* MUS147Event_Touch.h */ = {isa = PBXFileReference; fileEncoding = 4; lastKnownFileType = sourcecode.c.h; path = MUS147Event_Touch.h; sourceTree = "<group>"; };
		2C25430D176A50930076BB43 /* MUS147Event_Touch.m */ = {isa = PBXFileReference; fileEncoding = 4; lastKnownFileType = sourcecode.c.objc; path = MUS147Event_Touch.m; sourceTree = "<group>"; };
		2C25430E176A50930076BB43 /* MUS147Event.h */ = {isa = PBXFileReference; fileEncoding = 4; lastKnownFileType = sourcecode.c.h; path = MUS147Event.h; sourceTree = "<group>"; };
		2C25430F176A50930076BB43 /* MUS147Event.m */ = {isa = PBXFileReference; fileEncoding = 4; lastKnownFileType = sourcecode.c.objc; path = MUS147Event.m; sourceTree = "<group>"; };
		2C254310176A50930076BB43 /* MUS147Sequence.h */ = {isa = PBXFileReference; fileEncoding = 4; lastKnownFileType = sourcecode.c.h; path = MUS147Sequence.h; sourceTree = "<group>"; };
		2C254311176A50930076BB43 /* MUS147Sequence.m */ = {isa = PBXFileReference; fileEncoding = 4; lastKnownFileType = sourcecode.c.objc; path = MUS147Sequence.m; sourceTree = "<group>"; };
		2C254312176A50930076BB43 /* MUS147Sequencer.h */ = {isa = PBXFileReference; fileEncoding = 4; lastKnownFileType = sourcecode.c.h; path = MUS147Sequencer.h; sourceTree = "<group>"; };
		2C254313176A50930076BB43 /* MUS147Sequencer.m */ = {isa = PBXFileReference; fileEncoding = 4; lastKnownFileType = sourcecode.c.objc; path = MUS147Sequencer.m; sourceTree = "<group>"; };
		2C254314176A50930076BB43 /* MUS147ViewController.m */ = {isa = PBXFileReference; fileEncoding = 4; lastKnownFileType = sourcecode.c.objc; path = MUS147ViewController.m; sourceTree = "<group>"; };
		2C254315176A50930076BB43 /* MUS147Voice_BLIT.h */ = {isa = PBXFileReference; fileEncoding = 4; lastKnownFileType = sourcecode.c.h; path = MUS147Voice_BLIT.h; sourceTree = "<group>"; };
		2C254316176A50940076BB43 /* MUS147Voice_BLIT.m */ = {isa = PBXFileReference; fileEncoding = 4; lastKnownFileType = sourcecode.c.objc; path = MUS147Voice_BLIT.m; sourceTree = "<group>"; };
		2C254317176A50940076BB43 /* MUS147Voice_BLITSaw.h */ = {isa = PBXFileReference; fileEncoding = 4; lastKnownFileType = sourcecode.c.h; path = MUS147Voice_BLITSaw.h; sourceTree = "<group>"; };
		2C254318176A50940076BB43 /* MUS147Voice_BLITSaw.m */ = {isa = PBXFileReference; fileEncoding = 4; lastKnownFileType = sourcecode.c.objc; path = MUS147Voice_BLITSaw.m; sourceTree = "<group>"; };
		2C254319176A50940076BB43 /* MUS147Voice_Sample_Mem.h */ = {isa = PBXFileReference; fileEncoding = 4; lastKnownFileType = sourcecode.c.h; path = MUS147Voice_Sample_Mem.h; sourceTree = "<group>"; };
		2C25431A176A50940076BB43 /* MUS147Voice_Sample_Mem.m */ = {isa = PBXFileReference; fileEncoding = 4; lastKnownFileType = sourcecode.c.objc; path = MUS147Voice_Sample_Mem.m; sourceTree = "<group>"; };
		2C25431B176A50940076BB43 /* MUS147Voice_Sample_SF.h */ = {isa = PBXFileReference; fileEncoding = 4; lastKnownFileType = sourcecode.c.h; path = MUS147Voice_Sample_SF.h; sourceTree = "<group>"; };
		2C25431C176A50940076BB43 /* MUS147Voice_Sample_SF.m */ = {isa = PBXFileReference; fileEncoding = 4; lastKnownFileType = sourcecode.c.objc; path = MUS147Voice_Sample_SF.m; sourceTree = "<group>"; };
		2C25431D176A50940076BB43 /* MUS147Voice_Sample.h */ = {isa = PBXFileReference; fileEncoding = 4; lastKnownFileType = sourcecode.c.h; path = MUS147Voice_Sample.h; sourceTree = "<group>"; };
		2C25431E176A50940076BB43 /* MUS147Voice_Sample.m */ = {isa = PBXFileReference; fileEncoding = 4; lastKnownFileType = sourcecode.c.objc; path = MUS147Voice_Sample.m; sourceTree = "<group>"; };
		2C25431F176A50940076BB43 /* MUS147Voice_Synth.h */ = {isa = PBXFileReference; fileEncoding = 4; lastKnownFileType = sourcecode.c.h; path = MUS147Voice_Synth.h; sourceTree = "<group>"; };
		2C254320176A50940076BB43 /* MUS147Voice_Synth.m */ = {isa = PBXFileReference; fileEncoding = 4; lastKnownFileType = sourcecode.c.objc; path = MUS147Voice_Synth.m; sourceTree = "<group>"; };
		2C254321176A50940076BB43 /* MUS147Voice.h */ = {isa = PBXFileReference; fileEncoding = 4; lastKnownFileType = sourcecode.c.h; path = MUS147Voice.h; sourceTree = "<group>"; };
		2C254322176A50940076BB43 /* MUS147Voice.m */ = {isa = PBXFileReference; fileEncoding = 4; lastKnownFileType = sourcecode.c.objc; path = MUS147Voice.m; sourceTree = "<group>"; };
		2C254323176A50940076BB43 /* MyScale.c */ = {isa = PBXFileReference; fileEncoding = 4; lastKnownFileType = sourcecode.c.c; path = MyScale.c; sourceTree = "<group>"; };
		2C254324176A50940076BB43 /* MyScale.h */ = {isa = PBXFileReference; fileEncoding = 4; lastKnownFileType = sourcecode.c.h; path = MyScale.h; sourceTree = "<group>"; };
		2CBBE63117692FA7000AB81F /* CoreLocation.framework */ = {isa = PBXFileReference; lastKnownFileType = wrapper.framework; name = CoreLocation.framework; path = System/Library/Frameworks/CoreLocation.framework; sourceTree = SDKROOT; };
		2CBBE63C17693056000AB81F /* Music147_2013-Info.plist */ = {isa = PBXFileReference; fileEncoding = 4; lastKnownFileType = text.plist.xml; path = "Music147_2013-Info.plist"; sourceTree = "<group>"; };
		2CBBE63D17693056000AB81F /* Music147_2013-Prefix.pch */ = {isa = PBXFileReference; fileEncoding = 4; lastKnownFileType = sourcecode.c.h; path = "Music147_2013-Prefix.pch"; sourceTree = "<group>"; };
		2CCE369F1769364F00063C88 /* main.m */ = {isa = PBXFileReference; fileEncoding = 4; lastKnownFileType = sourcecode.c.objc; path = main.m; sourceTree = "<group>"; };
		437BDB7D176A71F300E1F25C /* MUS147View.m */ = {isa = PBXFileReference; fileEncoding = 4; lastKnownFileType = sourcecode.c.objc; name = MUS147View.m; path = ../MUS147View.m; sourceTree = "<group>"; };
/* End PBXFileReference section */

/* Begin PBXFrameworksBuildPhase section */
		21A4B837172C280700E1FACA /* Frameworks */ = {
			isa = PBXFrameworksBuildPhase;
			buildActionMask = 2147483647;
			files = (
				2CBBE63217692FA7000AB81F /* CoreLocation.framework in Frameworks */,
				219D6B40173236B5008C11A8 /* AudioToolbox.framework in Frameworks */,
				21A4B83F172C280700E1FACA /* UIKit.framework in Frameworks */,
				21A4B841172C280700E1FACA /* Foundation.framework in Frameworks */,
				21A4B843172C280700E1FACA /* CoreGraphics.framework in Frameworks */,
			);
			runOnlyForDeploymentPostprocessing = 0;
		};
/* End PBXFrameworksBuildPhase section */

/* Begin PBXGroup section */
		21A4B82F172C280700E1FACA = {
			isa = PBXGroup;
			children = (
				21A4B844172C280700E1FACA /* ucimusic147-2 */,
				21A4B83D172C280700E1FACA /* Frameworks */,
				21A4B83B172C280700E1FACA /* Products */,
			);
			sourceTree = "<group>";
		};
		21A4B83B172C280700E1FACA /* Products */ = {
			isa = PBXGroup;
			children = (
				21A4B83A172C280700E1FACA /* ucimusic147-2.app */,
			);
			name = Products;
			sourceTree = "<group>";
		};
		21A4B83D172C280700E1FACA /* Frameworks */ = {
			isa = PBXGroup;
			children = (
				2CBBE63117692FA7000AB81F /* CoreLocation.framework */,
				219D6B3F173236B5008C11A8 /* AudioToolbox.framework */,
				21A4B83E172C280700E1FACA /* UIKit.framework */,
				21A4B840172C280700E1FACA /* Foundation.framework */,
				21A4B842172C280700E1FACA /* CoreGraphics.framework */,
			);
			name = Frameworks;
			sourceTree = "<group>";
		};
		21A4B844172C280700E1FACA /* ucimusic147-2 */ = {
			isa = PBXGroup;
			children = (
				2C2542FB176A50920076BB43 /* MUS147AppDelegate.h */,
				2C2542FC176A50920076BB43 /* MUS147AppDelegate.m */,
				2C2542EF176A50920076BB43 /* MUS147AQPlayer.h */,
				2C2542F0176A50920076BB43 /* MUS147AQPlayer.m */,
				2C2542FD176A50920076BB43 /* MUS147AQRecorder.h */,
				2C2542FE176A50920076BB43 /* MUS147AQRecorder.m */,
				2C2542FF176A50930076BB43 /* MUS147AQShared.h */,
				2C254306176A50930076BB43 /* MUS147Effect.h */,
				2C254307176A50930076BB43 /* MUS147Effect.m */,
				2C254300176A50930076BB43 /* MUS147Effect_BiQuad.h */,
				2C254301176A50930076BB43 /* MUS147Effect_BiQuad.m */,
				2C254302176A50930076BB43 /* MUS147Effect_Delay.h */,
				2C254303176A50930076BB43 /* MUS147Effect_Delay.m */,
				2C254304176A50930076BB43 /* MUS147Effect_Limiter.h */,
				2C254305176A50930076BB43 /* MUS147Effect_Limiter.m */,
				2C254308176A50930076BB43 /* MUS147Envelope.h */,
				2C254309176A50930076BB43 /* MUS147Envelope.m */,
				2C25430E176A50930076BB43 /* MUS147Event.h */,
				2C25430F176A50930076BB43 /* MUS147Event.m */,
				2C25430A176A50930076BB43 /* MUS147Event_Note.h */,
				2C25430B176A50930076BB43 /* MUS147Event_Note.m */,
				2C25430C176A50930076BB43 /* MUS147Event_Touch.h */,
				2C25430D176A50930076BB43 /* MUS147Event_Touch.m */,
				2C254310176A50930076BB43 /* MUS147Sequence.h */,
				2C254311176A50930076BB43 /* MUS147Sequence.m */,
				2C254312176A50930076BB43 /* MUS147Sequencer.h */,
				2C254313176A50930076BB43 /* MUS147Sequencer.m */,
				2C2542F1176A50920076BB43 /* MUS147View.h */,
				437BDB7D176A71F300E1F25C /* MUS147View.m */,
				2C2542F3176A50920076BB43 /* MUS147ViewController.h */,
				2C254314176A50930076BB43 /* MUS147ViewController.m */,
				2C2542F4176A50920076BB43 /* MUS147ViewController.xib */,
				2C2542F5176A50920076BB43 /* MUS147ViewControllerSub.h */,
				2C2542F6176A50920076BB43 /* MUS147ViewControllerSub.m */,
				2C2542F7176A50920076BB43 /* MUS147ViewControllerSub.xib */,
				2C254321176A50940076BB43 /* MUS147Voice.h */,
				2C254322176A50940076BB43 /* MUS147Voice.m */,
				2C254315176A50930076BB43 /* MUS147Voice_BLIT.h */,
				2C254316176A50940076BB43 /* MUS147Voice_BLIT.m */,
				2C254317176A50940076BB43 /* MUS147Voice_BLITSaw.h */,
				2C254318176A50940076BB43 /* MUS147Voice_BLITSaw.m */,
				2C25431D176A50940076BB43 /* MUS147Voice_Sample.h */,
				2C25431E176A50940076BB43 /* MUS147Voice_Sample.m */,
				2C254319176A50940076BB43 /* MUS147Voice_Sample_Mem.h */,
				2C25431A176A50940076BB43 /* MUS147Voice_Sample_Mem.m */,
				2C25431B176A50940076BB43 /* MUS147Voice_Sample_SF.h */,
				2C25431C176A50940076BB43 /* MUS147Voice_Sample_SF.m */,
				2C25431F176A50940076BB43 /* MUS147Voice_Synth.h */,
				2C254320176A50940076BB43 /* MUS147Voice_Synth.m */,
				2C254323176A50940076BB43 /* MyScale.c */,
				2C254324176A50940076BB43 /* MyScale.h */,
				21A4B845172C280700E1FACA /* Supporting Files */,
			);
			path = "ucimusic147-2";
			sourceTree = "<group>";
		};
		21A4B845172C280700E1FACA /* Supporting Files */ = {
			isa = PBXGroup;
			children = (
				2CCE369F1769364F00063C88 /* main.m */,
				2CBBE63C17693056000AB81F /* Music147_2013-Info.plist */,
				2CBBE63D17693056000AB81F /* Music147_2013-Prefix.pch */,
				219D6B371732368F008C11A8 /* Music147.aif */,
				21A4B846172C280700E1FACA /* ucimusic147-2-Info.plist */,
				21A4B847172C280700E1FACA /* InfoPlist.strings */,
				21A4B84C172C280700E1FACA /* ucimusic147-2-Prefix.pch */,
				21A4B850172C280700E1FACA /* Default.png */,
				21A4B852172C280700E1FACA /* Default@2x.png */,
				21A4B854172C280700E1FACA /* Default-568h@2x.png */,
			);
			name = "Supporting Files";
			sourceTree = "<group>";
		};
/* End PBXGroup section */

/* Begin PBXNativeTarget section */
		21A4B839172C280700E1FACA /* ucimusic147-2 */ = {
			isa = PBXNativeTarget;
			buildConfigurationList = 21A4B85E172C280700E1FACA /* Build configuration list for PBXNativeTarget "ucimusic147-2" */;
			buildPhases = (
				21A4B836172C280700E1FACA /* Sources */,
				21A4B837172C280700E1FACA /* Frameworks */,
				21A4B838172C280700E1FACA /* Resources */,
			);
			buildRules = (
			);
			dependencies = (
			);
			name = "ucimusic147-2";
			productName = "ucimusic147-2";
			productReference = 21A4B83A172C280700E1FACA /* ucimusic147-2.app */;
			productType = "com.apple.product-type.application";
		};
/* End PBXNativeTarget section */

/* Begin PBXProject section */
		21A4B831172C280700E1FACA /* Project object */ = {
			isa = PBXProject;
			attributes = {
				CLASSPREFIX = MUS147;
				LastUpgradeCheck = 0450;
				ORGANIZATIONNAME = "UCI Music 147";
			};
			buildConfigurationList = 21A4B834172C280700E1FACA /* Build configuration list for PBXProject "ucimusic147-2" */;
			compatibilityVersion = "Xcode 3.2";
			developmentRegion = English;
			hasScannedForEncodings = 0;
			knownRegions = (
				en,
			);
			mainGroup = 21A4B82F172C280700E1FACA;
			productRefGroup = 21A4B83B172C280700E1FACA /* Products */;
			projectDirPath = "";
			projectRoot = "";
			targets = (
				21A4B839172C280700E1FACA /* ucimusic147-2 */,
			);
		};
/* End PBXProject section */

/* Begin PBXResourcesBuildPhase section */
		21A4B838172C280700E1FACA /* Resources */ = {
			isa = PBXResourcesBuildPhase;
			buildActionMask = 2147483647;
			files = (
				21A4B849172C280700E1FACA /* InfoPlist.strings in Resources */,
				21A4B851172C280700E1FACA /* Default.png in Resources */,
				21A4B853172C280700E1FACA /* Default@2x.png in Resources */,
				21A4B855172C280700E1FACA /* Default-568h@2x.png in Resources */,
				219D6B3D1732368F008C11A8 /* Music147.aif in Resources */,
				2CBBE64417693056000AB81F /* Music147_2013-Info.plist in Resources */,
				2C254327176A50940076BB43 /* MUS147ViewController.xib in Resources */,
				2C254329176A50940076BB43 /* MUS147ViewControllerSub.xib in Resources */,
			);
			runOnlyForDeploymentPostprocessing = 0;
		};
/* End PBXResourcesBuildPhase section */

/* Begin PBXSourcesBuildPhase section */
		21A4B836172C280700E1FACA /* Sources */ = {
			isa = PBXSourcesBuildPhase;
			buildActionMask = 2147483647;
			files = (
				2CCE36A01769364F00063C88 /* main.m in Sources */,
				2C254325176A50940076BB43 /* MUS147AQPlayer.m in Sources */,
				2C254328176A50940076BB43 /* MUS147ViewControllerSub.m in Sources */,
				2C25432C176A50940076BB43 /* MUS147AppDelegate.m in Sources */,
				2C25432D176A50940076BB43 /* MUS147AQRecorder.m in Sources */,
				2C25432E176A50940076BB43 /* MUS147Effect_BiQuad.m in Sources */,
				2C25432F176A50940076BB43 /* MUS147Effect_Delay.m in Sources */,
				2C254330176A50940076BB43 /* MUS147Effect_Limiter.m in Sources */,
				2C254331176A50940076BB43 /* MUS147Effect.m in Sources */,
				2C254332176A50940076BB43 /* MUS147Envelope.m in Sources */,
				2C254333176A50940076BB43 /* MUS147Event_Note.m in Sources */,
				2C254334176A50940076BB43 /* MUS147Event_Touch.m in Sources */,
				2C254335176A50940076BB43 /* MUS147Event.m in Sources */,
				2C254336176A50940076BB43 /* MUS147Sequence.m in Sources */,
				2C254337176A50940076BB43 /* MUS147Sequencer.m in Sources */,
				2C254338176A50940076BB43 /* MUS147ViewController.m in Sources */,
				2C254339176A50940076BB43 /* MUS147Voice_BLIT.m in Sources */,
				2C25433A176A50940076BB43 /* MUS147Voice_BLITSaw.m in Sources */,
				2C25433B176A50940076BB43 /* MUS147Voice_Sample_Mem.m in Sources */,
				2C25433C176A50940076BB43 /* MUS147Voice_Sample_SF.m in Sources */,
				2C25433D176A50940076BB43 /* MUS147Voice_Sample.m in Sources */,
				2C25433E176A50940076BB43 /* MUS147Voice_Synth.m in Sources */,
				2C25433F176A50940076BB43 /* MUS147Voice.m in Sources */,
				2C254340176A50940076BB43 /* MyScale.c in Sources */,
				437BDB7E176A71F300E1F25C /* MUS147View.m in Sources */,
			);
			runOnlyForDeploymentPostprocessing = 0;
		};
/* End PBXSourcesBuildPhase section */

/* Begin PBXVariantGroup section */
		21A4B847172C280700E1FACA /* InfoPlist.strings */ = {
			isa = PBXVariantGroup;
			children = (
				21A4B848172C280700E1FACA /* en */,
			);
			name = InfoPlist.strings;
			sourceTree = "<group>";
		};
/* End PBXVariantGroup section */

/* Begin XCBuildConfiguration section */
		21A4B85C172C280700E1FACA /* Debug */ = {
			isa = XCBuildConfiguration;
			buildSettings = {
				ALWAYS_SEARCH_USER_PATHS = NO;
				CLANG_CXX_LANGUAGE_STANDARD = "gnu++0x";
				CLANG_CXX_LIBRARY = "libc++";
				CLANG_ENABLE_OBJC_ARC = NO;
				CLANG_WARN_EMPTY_BODY = YES;
				CLANG_WARN__DUPLICATE_METHOD_MATCH = YES;
				"CODE_SIGN_IDENTITY[sdk=iphoneos*]" = "iPhone Developer";
				COPY_PHASE_STRIP = NO;
				GCC_C_LANGUAGE_STANDARD = gnu99;
				GCC_DYNAMIC_NO_PIC = NO;
				GCC_OPTIMIZATION_LEVEL = 0;
				GCC_PREPROCESSOR_DEFINITIONS = (
					"DEBUG=1",
					"$(inherited)",
				);
				GCC_SYMBOLS_PRIVATE_EXTERN = NO;
				GCC_WARN_ABOUT_RETURN_TYPE = YES;
				GCC_WARN_UNINITIALIZED_AUTOS = YES;
				GCC_WARN_UNUSED_VARIABLE = YES;
				IPHONEOS_DEPLOYMENT_TARGET = 6.0;
				ONLY_ACTIVE_ARCH = YES;
				SDKROOT = iphoneos;
			};
			name = Debug;
		};
		21A4B85D172C280700E1FACA /* Release */ = {
			isa = XCBuildConfiguration;
			buildSettings = {
				ALWAYS_SEARCH_USER_PATHS = NO;
				CLANG_CXX_LANGUAGE_STANDARD = "gnu++0x";
				CLANG_CXX_LIBRARY = "libc++";
				CLANG_ENABLE_OBJC_ARC = NO;
				CLANG_WARN_EMPTY_BODY = YES;
				CLANG_WARN__DUPLICATE_METHOD_MATCH = YES;
				"CODE_SIGN_IDENTITY[sdk=iphoneos*]" = "iPhone Developer";
				COPY_PHASE_STRIP = YES;
				GCC_C_LANGUAGE_STANDARD = gnu99;
				GCC_WARN_ABOUT_RETURN_TYPE = YES;
				GCC_WARN_UNINITIALIZED_AUTOS = YES;
				GCC_WARN_UNUSED_VARIABLE = YES;
				IPHONEOS_DEPLOYMENT_TARGET = 6.0;
				OTHER_CFLAGS = "-DNS_BLOCK_ASSERTIONS=1";
				SDKROOT = iphoneos;
				VALIDATE_PRODUCT = YES;
			};
			name = Release;
		};
		21A4B85F172C280700E1FACA /* Debug */ = {
			isa = XCBuildConfiguration;
			buildSettings = {
				FRAMEWORK_SEARCH_PATHS = (
					"$(inherited)",
					"\"$(SRCROOT)\"",
				);
				GCC_PRECOMPILE_PREFIX_HEADER = YES;
				GCC_PREFIX_HEADER = "ucimusic147-2/ucimusic147-2-Prefix.pch";
				INFOPLIST_FILE = "ucimusic147-2/ucimusic147-2-Info.plist";
				IPHONEOS_DEPLOYMENT_TARGET = 4.2;
				PRODUCT_NAME = "$(TARGET_NAME)";
				VALID_ARCHS = "armv7 armv7s armv6";
				WRAPPER_EXTENSION = app;
			};
			name = Debug;
		};
		21A4B860172C280700E1FACA /* Release */ = {
			isa = XCBuildConfiguration;
			buildSettings = {
				FRAMEWORK_SEARCH_PATHS = (
					"$(inherited)",
					"\"$(SRCROOT)\"",
				);
				GCC_PRECOMPILE_PREFIX_HEADER = YES;
				GCC_PREFIX_HEADER = "ucimusic147-2/ucimusic147-2-Prefix.pch";
				INFOPLIST_FILE = "ucimusic147-2/ucimusic147-2-Info.plist";
				IPHONEOS_DEPLOYMENT_TARGET = 4.2;
				PRODUCT_NAME = "$(TARGET_NAME)";
				VALID_ARCHS = "armv7 armv7s armv6";
				WRAPPER_EXTENSION = app;
			};
			name = Release;
		};
/* End XCBuildConfiguration section */

/* Begin XCConfigurationList section */
		21A4B834172C280700E1FACA /* Build configuration list for PBXProject "ucimusic147-2" */ = {
			isa = XCConfigurationList;
			buildConfigurations = (
				21A4B85C172C280700E1FACA /* Debug */,
				21A4B85D172C280700E1FACA /* Release */,
			);
			defaultConfigurationIsVisible = 0;
			defaultConfigurationName = Release;
		};
		21A4B85E172C280700E1FACA /* Build configuration list for PBXNativeTarget "ucimusic147-2" */ = {
			isa = XCConfigurationList;
			buildConfigurations = (
				21A4B85F172C280700E1FACA /* Debug */,
				21A4B860172C280700E1FACA /* Release */,
			);
			defaultConfigurationIsVisible = 0;
			defaultConfigurationName = Release;
		};
/* End XCConfigurationList section */
	};
	rootObject = 21A4B831172C280700E1FACA /* Project object */;
}
